
Microsoft Visual Studio Solution File, Format Version 12.00
# Visual Studio 15
VisualStudioVersion = 15.0.27130.2024
MinimumVisualStudioVersion = 10.0.40219.1
Project("{9A19103F-16F7-4668-BE54-9A1E7A4F7556}") = "DecisionTreeClassifier", "DecisionTreeClassifier\DecisionTreeClassifier.csproj", "{E5801E75-CD61-4CDE-A762-0BF1AC111B14}"
EndProject
Global
	GlobalSection(SolutionConfigurationPlatforms) = preSolution
		Debug|Any CPU = Debug|Any CPU
		Release|Any CPU = Release|Any CPU
	EndGlobalSection
	GlobalSection(ProjectConfigurationPlatforms) = postSolution
		{E5801E75-CD61-4CDE-A762-0BF1AC111B14}.Debug|Any CPU.ActiveCfg = Debug|x64
		{E5801E75-CD61-4CDE-A762-0BF1AC111B14}.Debug|Any CPU.Build.0 = Debug|x64
		{E5801E75-CD61-4CDE-A762-0BF1AC111B14}.Release|Any CPU.ActiveCfg = Release|Any CPU
		{E5801E75-CD61-4CDE-A762-0BF1AC111B14}.Release|Any CPU.Build.0 = Release|Any CPU
	EndGlobalSection
	GlobalSection(SolutionProperties) = preSolution
		HideSolutionNode = FALSE
	EndGlobalSection
	GlobalSection(ExtensibilityGlobals) = postSolution
		SolutionGuid = {96A1BF35-1A96-4112-9D16-9A425333165B}
	EndGlobalSection
EndGlobal
