
Microsoft Visual Studio Solution File, Format Version 12.00
# Visual Studio 15
VisualStudioVersion = 15.0.27130.2036
MinimumVisualStudioVersion = 10.0.40219.1
Project("{9A19103F-16F7-4668-BE54-9A1E7A4F7556}") = "DecisionTreeClassifier", "DecisionTreeClassifier\DecisionTreeClassifier.csproj", "{E5801E75-CD61-4CDE-A762-0BF1AC111B14}"
EndProject
Project("{9A19103F-16F7-4668-BE54-9A1E7A4F7556}") = "ComputerVision", "ComputerVision\ComputerVision.csproj", "{BF9F3FE0-6929-47BD-8E40-B36606F4D1EF}"
EndProject
Project("{9A19103F-16F7-4668-BE54-9A1E7A4F7556}") = "DataStructures", "DataStructures\DataStructures.csproj", "{F4CB4806-237C-4BA1-8179-FBC1D1E274E1}"
EndProject
Project("{9A19103F-16F7-4668-BE54-9A1E7A4F7556}") = "Tester", "Tester\Tester.csproj", "{1BA3B4E6-FAB1-42B1-9D32-712B637DADB9}"
EndProject
Project("{9A19103F-16F7-4668-BE54-9A1E7A4F7556}") = "MRCSharpLib", "MRCSharpLib\MRCSharpLib.csproj", "{C6F116C9-BE8B-49C5-A1B5-72B692BCC68B}"
EndProject
Project("{9A19103F-16F7-4668-BE54-9A1E7A4F7556}") = "TomogramImageSimulator", "TomogramImageSimulator\TomogramImageSimulator.csproj", "{DCE22C10-025B-4A32-A373-1AC48D94BE2E}"
EndProject
Project("{9A19103F-16F7-4668-BE54-9A1E7A4F7556}") = "Maths", "Math\Maths.csproj", "{701A877F-DBB6-4FCC-98A4-AD826ACFD541}"
EndProject
Global
	GlobalSection(SolutionConfigurationPlatforms) = preSolution
		Debug|Any CPU = Debug|Any CPU
		Debug|x64 = Debug|x64
		Release|Any CPU = Release|Any CPU
		Release|x64 = Release|x64
	EndGlobalSection
	GlobalSection(ProjectConfigurationPlatforms) = postSolution
		{E5801E75-CD61-4CDE-A762-0BF1AC111B14}.Debug|Any CPU.ActiveCfg = Debug|x64
		{E5801E75-CD61-4CDE-A762-0BF1AC111B14}.Debug|Any CPU.Build.0 = Debug|x64
		{E5801E75-CD61-4CDE-A762-0BF1AC111B14}.Debug|x64.ActiveCfg = Debug|x64
		{E5801E75-CD61-4CDE-A762-0BF1AC111B14}.Debug|x64.Build.0 = Debug|x64
		{E5801E75-CD61-4CDE-A762-0BF1AC111B14}.Release|Any CPU.ActiveCfg = Release|x64
		{E5801E75-CD61-4CDE-A762-0BF1AC111B14}.Release|Any CPU.Build.0 = Release|x64
		{E5801E75-CD61-4CDE-A762-0BF1AC111B14}.Release|x64.ActiveCfg = Release|x64
		{E5801E75-CD61-4CDE-A762-0BF1AC111B14}.Release|x64.Build.0 = Release|x64
		{BF9F3FE0-6929-47BD-8E40-B36606F4D1EF}.Debug|Any CPU.ActiveCfg = Debug|Any CPU
		{BF9F3FE0-6929-47BD-8E40-B36606F4D1EF}.Debug|Any CPU.Build.0 = Debug|Any CPU
		{BF9F3FE0-6929-47BD-8E40-B36606F4D1EF}.Debug|x64.ActiveCfg = Debug|x64
		{BF9F3FE0-6929-47BD-8E40-B36606F4D1EF}.Debug|x64.Build.0 = Debug|x64
		{BF9F3FE0-6929-47BD-8E40-B36606F4D1EF}.Release|Any CPU.ActiveCfg = Release|Any CPU
		{BF9F3FE0-6929-47BD-8E40-B36606F4D1EF}.Release|Any CPU.Build.0 = Release|Any CPU
		{BF9F3FE0-6929-47BD-8E40-B36606F4D1EF}.Release|x64.ActiveCfg = Release|x64
		{BF9F3FE0-6929-47BD-8E40-B36606F4D1EF}.Release|x64.Build.0 = Release|x64
		{F4CB4806-237C-4BA1-8179-FBC1D1E274E1}.Debug|Any CPU.ActiveCfg = Debug|Any CPU
		{F4CB4806-237C-4BA1-8179-FBC1D1E274E1}.Debug|Any CPU.Build.0 = Debug|Any CPU
		{F4CB4806-237C-4BA1-8179-FBC1D1E274E1}.Debug|x64.ActiveCfg = Debug|x64
		{F4CB4806-237C-4BA1-8179-FBC1D1E274E1}.Debug|x64.Build.0 = Debug|x64
		{F4CB4806-237C-4BA1-8179-FBC1D1E274E1}.Release|Any CPU.ActiveCfg = Release|Any CPU
		{F4CB4806-237C-4BA1-8179-FBC1D1E274E1}.Release|Any CPU.Build.0 = Release|Any CPU
		{F4CB4806-237C-4BA1-8179-FBC1D1E274E1}.Release|x64.ActiveCfg = Release|x64
		{F4CB4806-237C-4BA1-8179-FBC1D1E274E1}.Release|x64.Build.0 = Release|x64
		{1BA3B4E6-FAB1-42B1-9D32-712B637DADB9}.Debug|Any CPU.ActiveCfg = Debug|Any CPU
		{1BA3B4E6-FAB1-42B1-9D32-712B637DADB9}.Debug|Any CPU.Build.0 = Debug|Any CPU
		{1BA3B4E6-FAB1-42B1-9D32-712B637DADB9}.Debug|x64.ActiveCfg = Debug|x64
		{1BA3B4E6-FAB1-42B1-9D32-712B637DADB9}.Debug|x64.Build.0 = Debug|x64
		{1BA3B4E6-FAB1-42B1-9D32-712B637DADB9}.Release|Any CPU.ActiveCfg = Release|Any CPU
		{1BA3B4E6-FAB1-42B1-9D32-712B637DADB9}.Release|Any CPU.Build.0 = Release|Any CPU
		{1BA3B4E6-FAB1-42B1-9D32-712B637DADB9}.Release|x64.ActiveCfg = Release|x64
		{1BA3B4E6-FAB1-42B1-9D32-712B637DADB9}.Release|x64.Build.0 = Release|x64
		{C6F116C9-BE8B-49C5-A1B5-72B692BCC68B}.Debug|Any CPU.ActiveCfg = Debug|Any CPU
		{C6F116C9-BE8B-49C5-A1B5-72B692BCC68B}.Debug|Any CPU.Build.0 = Debug|Any CPU
		{C6F116C9-BE8B-49C5-A1B5-72B692BCC68B}.Debug|x64.ActiveCfg = Debug|x64
		{C6F116C9-BE8B-49C5-A1B5-72B692BCC68B}.Debug|x64.Build.0 = Debug|x64
		{C6F116C9-BE8B-49C5-A1B5-72B692BCC68B}.Release|Any CPU.ActiveCfg = Release|Any CPU
		{C6F116C9-BE8B-49C5-A1B5-72B692BCC68B}.Release|Any CPU.Build.0 = Release|Any CPU
		{C6F116C9-BE8B-49C5-A1B5-72B692BCC68B}.Release|x64.ActiveCfg = Release|x64
		{C6F116C9-BE8B-49C5-A1B5-72B692BCC68B}.Release|x64.Build.0 = Release|x64
		{DCE22C10-025B-4A32-A373-1AC48D94BE2E}.Debug|Any CPU.ActiveCfg = Debug|Any CPU
		{DCE22C10-025B-4A32-A373-1AC48D94BE2E}.Debug|Any CPU.Build.0 = Debug|Any CPU
		{DCE22C10-025B-4A32-A373-1AC48D94BE2E}.Debug|x64.ActiveCfg = Debug|x64
		{DCE22C10-025B-4A32-A373-1AC48D94BE2E}.Debug|x64.Build.0 = Debug|x64
		{DCE22C10-025B-4A32-A373-1AC48D94BE2E}.Release|Any CPU.ActiveCfg = Release|Any CPU
		{DCE22C10-025B-4A32-A373-1AC48D94BE2E}.Release|Any CPU.Build.0 = Release|Any CPU
		{DCE22C10-025B-4A32-A373-1AC48D94BE2E}.Release|x64.ActiveCfg = Release|x64
		{DCE22C10-025B-4A32-A373-1AC48D94BE2E}.Release|x64.Build.0 = Release|x64
		{701A877F-DBB6-4FCC-98A4-AD826ACFD541}.Debug|Any CPU.ActiveCfg = Debug|Any CPU
		{701A877F-DBB6-4FCC-98A4-AD826ACFD541}.Debug|Any CPU.Build.0 = Debug|Any CPU
		{701A877F-DBB6-4FCC-98A4-AD826ACFD541}.Debug|x64.ActiveCfg = Debug|x64
		{701A877F-DBB6-4FCC-98A4-AD826ACFD541}.Debug|x64.Build.0 = Debug|x64
		{701A877F-DBB6-4FCC-98A4-AD826ACFD541}.Release|Any CPU.ActiveCfg = Release|Any CPU
		{701A877F-DBB6-4FCC-98A4-AD826ACFD541}.Release|Any CPU.Build.0 = Release|Any CPU
		{701A877F-DBB6-4FCC-98A4-AD826ACFD541}.Release|x64.ActiveCfg = Release|x64
		{701A877F-DBB6-4FCC-98A4-AD826ACFD541}.Release|x64.Build.0 = Release|x64
	EndGlobalSection
	GlobalSection(SolutionProperties) = preSolution
		HideSolutionNode = FALSE
	EndGlobalSection
	GlobalSection(ExtensibilityGlobals) = postSolution
		SolutionGuid = {96A1BF35-1A96-4112-9D16-9A425333165B}
	EndGlobalSection
EndGlobal
